
Microsoft Visual Studio Solution File, Format Version 12.00
# Visual Studio Version 16
VisualStudioVersion = 16.0.30611.23
MinimumVisualStudioVersion = 10.0.40219.1
Project("{FAE04EC0-301F-11D3-BF4B-00C04F79EFBC}") = "DogApplication", "DogApplication\DogApplication.csproj", "{67BF1C2B-8A66-4CCE-8ECB-F86042923E7D}"
EndProject
Global
	GlobalSection(SolutionConfigurationPlatforms) = preSolution
		Debug|Any CPU = Debug|Any CPU
		Release|Any CPU = Release|Any CPU
	EndGlobalSection
	GlobalSection(ProjectConfigurationPlatforms) = postSolution
		{67BF1C2B-8A66-4CCE-8ECB-F86042923E7D}.Debug|Any CPU.ActiveCfg = Debug|Any CPU
		{67BF1C2B-8A66-4CCE-8ECB-F86042923E7D}.Debug|Any CPU.Build.0 = Debug|Any CPU
		{67BF1C2B-8A66-4CCE-8ECB-F86042923E7D}.Release|Any CPU.ActiveCfg = Release|Any CPU
		{67BF1C2B-8A66-4CCE-8ECB-F86042923E7D}.Release|Any CPU.Build.0 = Release|Any CPU
	EndGlobalSection
	GlobalSection(SolutionProperties) = preSolution
		HideSolutionNode = FALSE
	EndGlobalSection
	GlobalSection(ExtensibilityGlobals) = postSolution
		SolutionGuid = {D3C56470-5FEF-4A60-8093-D1F2BE82A414}
	EndGlobalSection
EndGlobal
