
Microsoft Visual Studio Solution File, Format Version 12.00
# Visual Studio Version 16
VisualStudioVersion = 16.0.30503.244
MinimumVisualStudioVersion = 10.0.40219.1
Project("{FAE04EC0-301F-11D3-BF4B-00C04F79EFBC}") = "Radiant", "Radiant\Radiant.csproj", "{115E7249-68E1-4933-8404-D1BFA567714E}"
EndProject
Global
	GlobalSection(SolutionConfigurationPlatforms) = preSolution
		Debug|Any CPU = Debug|Any CPU
		Release|Any CPU = Release|Any CPU
	EndGlobalSection
	GlobalSection(ProjectConfigurationPlatforms) = postSolution
		{115E7249-68E1-4933-8404-D1BFA567714E}.Debug|Any CPU.ActiveCfg = Debug|Any CPU
		{115E7249-68E1-4933-8404-D1BFA567714E}.Debug|Any CPU.Build.0 = Debug|Any CPU
		{115E7249-68E1-4933-8404-D1BFA567714E}.Release|Any CPU.ActiveCfg = Release|Any CPU
		{115E7249-68E1-4933-8404-D1BFA567714E}.Release|Any CPU.Build.0 = Release|Any CPU
	EndGlobalSection
	GlobalSection(SolutionProperties) = preSolution
		HideSolutionNode = FALSE
	EndGlobalSection
	GlobalSection(ExtensibilityGlobals) = postSolution
		SolutionGuid = {845AD902-CF87-4C92-9552-2A46EC7EFB55}
	EndGlobalSection
EndGlobal
